// !$*UTF8*$!
{
	archiveVersion = 1;
	classes = {
	};
	objectVersion = 51;
	objects = {

/* Begin PBXBuildFile section */
		1BAEDDDA26042D0D005C5DD4 /* AppDelegate.swift in Sources */ = {isa = PBXBuildFile; fileRef = 1BAEDDD926042D0D005C5DD4 /* AppDelegate.swift */; };
		1BAEDDDC26042D0D005C5DD4 /* SceneDelegate.swift in Sources */ = {isa = PBXBuildFile; fileRef = 1BAEDDDB26042D0D005C5DD4 /* SceneDelegate.swift */; };
		1BAEDDDE26042D0D005C5DD4 /* ViewController.swift in Sources */ = {isa = PBXBuildFile; fileRef = 1BAEDDDD26042D0D005C5DD4 /* ViewController.swift */; };
		1BAEDDE126042D0D005C5DD4 /* Main.storyboard in Resources */ = {isa = PBXBuildFile; fileRef = 1BAEDDDF26042D0D005C5DD4 /* Main.storyboard */; };
		1BAEDDE326042D0F005C5DD4 /* Assets.xcassets in Resources */ = {isa = PBXBuildFile; fileRef = 1BAEDDE226042D0F005C5DD4 /* Assets.xcassets */; };
		1BAEDDE626042D0F005C5DD4 /* LaunchScreen.storyboard in Resources */ = {isa = PBXBuildFile; fileRef = 1BAEDDE426042D0F005C5DD4 /* LaunchScreen.storyboard */; };
		1BAEDDF126042D0F005C5DD4 /* ShopLiveSwiftSampleTests.swift in Sources */ = {isa = PBXBuildFile; fileRef = 1BAEDDF026042D0F005C5DD4 /* ShopLiveSwiftSampleTests.swift */; };
		1BAEDDFC26042D0F005C5DD4 /* ShopLiveSwiftSampleUITests.swift in Sources */ = {isa = PBXBuildFile; fileRef = 1BAEDDFB26042D0F005C5DD4 /* ShopLiveSwiftSampleUITests.swift */; };
		3C3AFBDD0A9E7C49160E4FFB /* Pods_ShopLiveSwiftSample.framework in Frameworks */ = {isa = PBXBuildFile; fileRef = F9124FBD36517838FDD2A8DF /* Pods_ShopLiveSwiftSample.framework */; };
		BFC091F1267798A600619A19 /* KeySetRegisterController.swift in Sources */ = {isa = PBXBuildFile; fileRef = BFC091EF267798A600619A19 /* KeySetRegisterController.swift */; };
		BFC091F2267798A600619A19 /* ShopLiveDemoKeyTools.swift in Sources */ = {isa = PBXBuildFile; fileRef = BFC091F0267798A600619A19 /* ShopLiveDemoKeyTools.swift */; };
		BFC091F626779A8C00619A19 /* ShopLiveConfiguration.swift in Sources */ = {isa = PBXBuildFile; fileRef = BFC091F526779A8C00619A19 /* ShopLiveConfiguration.swift */; };
		BFC092022677AC6600619A19 /* SafariServices.framework in Frameworks */ = {isa = PBXBuildFile; fileRef = BFC091F726779B2800619A19 /* SafariServices.framework */; };
/* End PBXBuildFile section */

/* Begin PBXContainerItemProxy section */
		1BAEDDED26042D0F005C5DD4 /* PBXContainerItemProxy */ = {
			isa = PBXContainerItemProxy;
			containerPortal = 1BAEDDCE26042D0D005C5DD4 /* Project object */;
			proxyType = 1;
			remoteGlobalIDString = 1BAEDDD526042D0D005C5DD4;
			remoteInfo = ShopLiveSwiftSample;
		};
		1BAEDDF826042D0F005C5DD4 /* PBXContainerItemProxy */ = {
			isa = PBXContainerItemProxy;
			containerPortal = 1BAEDDCE26042D0D005C5DD4 /* Project object */;
			proxyType = 1;
			remoteGlobalIDString = 1BAEDDD526042D0D005C5DD4;
			remoteInfo = ShopLiveSwiftSample;
		};
/* End PBXContainerItemProxy section */

/* Begin PBXCopyFilesBuildPhase section */
		BFC091FF2677AC3300619A19 /* Embed Frameworks */ = {
			isa = PBXCopyFilesBuildPhase;
			buildActionMask = 2147483647;
			dstPath = "";
			dstSubfolderSpec = 10;
			files = (
			);
			name = "Embed Frameworks";
			runOnlyForDeploymentPostprocessing = 0;
		};
/* End PBXCopyFilesBuildPhase section */

/* Begin PBXFileReference section */
		1BAEDDD626042D0D005C5DD4 /* ShopLiveSwiftSample.app */ = {isa = PBXFileReference; explicitFileType = wrapper.application; includeInIndex = 0; path = ShopLiveSwiftSample.app; sourceTree = BUILT_PRODUCTS_DIR; };
		1BAEDDD926042D0D005C5DD4 /* AppDelegate.swift */ = {isa = PBXFileReference; lastKnownFileType = sourcecode.swift; path = AppDelegate.swift; sourceTree = "<group>"; };
		1BAEDDDB26042D0D005C5DD4 /* SceneDelegate.swift */ = {isa = PBXFileReference; lastKnownFileType = sourcecode.swift; path = SceneDelegate.swift; sourceTree = "<group>"; };
		1BAEDDDD26042D0D005C5DD4 /* ViewController.swift */ = {isa = PBXFileReference; lastKnownFileType = sourcecode.swift; path = ViewController.swift; sourceTree = "<group>"; };
		1BAEDDE026042D0D005C5DD4 /* Base */ = {isa = PBXFileReference; lastKnownFileType = file.storyboard; name = Base; path = Base.lproj/Main.storyboard; sourceTree = "<group>"; };
		1BAEDDE226042D0F005C5DD4 /* Assets.xcassets */ = {isa = PBXFileReference; lastKnownFileType = folder.assetcatalog; path = Assets.xcassets; sourceTree = "<group>"; };
		1BAEDDE526042D0F005C5DD4 /* Base */ = {isa = PBXFileReference; lastKnownFileType = file.storyboard; name = Base; path = Base.lproj/LaunchScreen.storyboard; sourceTree = "<group>"; };
		1BAEDDE726042D0F005C5DD4 /* Info.plist */ = {isa = PBXFileReference; lastKnownFileType = text.plist.xml; path = Info.plist; sourceTree = "<group>"; };
		1BAEDDEC26042D0F005C5DD4 /* ShopLiveSwiftSampleTests.xctest */ = {isa = PBXFileReference; explicitFileType = wrapper.cfbundle; includeInIndex = 0; path = ShopLiveSwiftSampleTests.xctest; sourceTree = BUILT_PRODUCTS_DIR; };
		1BAEDDF026042D0F005C5DD4 /* ShopLiveSwiftSampleTests.swift */ = {isa = PBXFileReference; lastKnownFileType = sourcecode.swift; path = ShopLiveSwiftSampleTests.swift; sourceTree = "<group>"; };
		1BAEDDF226042D0F005C5DD4 /* Info.plist */ = {isa = PBXFileReference; lastKnownFileType = text.plist.xml; path = Info.plist; sourceTree = "<group>"; };
		1BAEDDF726042D0F005C5DD4 /* ShopLiveSwiftSampleUITests.xctest */ = {isa = PBXFileReference; explicitFileType = wrapper.cfbundle; includeInIndex = 0; path = ShopLiveSwiftSampleUITests.xctest; sourceTree = BUILT_PRODUCTS_DIR; };
		1BAEDDFB26042D0F005C5DD4 /* ShopLiveSwiftSampleUITests.swift */ = {isa = PBXFileReference; lastKnownFileType = sourcecode.swift; path = ShopLiveSwiftSampleUITests.swift; sourceTree = "<group>"; };
		1BAEDDFD26042D0F005C5DD4 /* Info.plist */ = {isa = PBXFileReference; lastKnownFileType = text.plist.xml; path = Info.plist; sourceTree = "<group>"; };
		1EECA903552BBE2B3FDA9498 /* Pods-ShopLiveSwiftSample.debug.xcconfig */ = {isa = PBXFileReference; includeInIndex = 1; lastKnownFileType = text.xcconfig; name = "Pods-ShopLiveSwiftSample.debug.xcconfig"; path = "Target Support Files/Pods-ShopLiveSwiftSample/Pods-ShopLiveSwiftSample.debug.xcconfig"; sourceTree = "<group>"; };
		B9FF8647EDF91DDB38152377 /* Pods-ShopLiveSwiftSample.release.xcconfig */ = {isa = PBXFileReference; includeInIndex = 1; lastKnownFileType = text.xcconfig; name = "Pods-ShopLiveSwiftSample.release.xcconfig"; path = "Target Support Files/Pods-ShopLiveSwiftSample/Pods-ShopLiveSwiftSample.release.xcconfig"; sourceTree = "<group>"; };
		BFC091EF267798A600619A19 /* KeySetRegisterController.swift */ = {isa = PBXFileReference; fileEncoding = 4; lastKnownFileType = sourcecode.swift; path = KeySetRegisterController.swift; sourceTree = "<group>"; };
		BFC091F0267798A600619A19 /* ShopLiveDemoKeyTools.swift */ = {isa = PBXFileReference; fileEncoding = 4; lastKnownFileType = sourcecode.swift; path = ShopLiveDemoKeyTools.swift; sourceTree = "<group>"; };
		BFC091F526779A8C00619A19 /* ShopLiveConfiguration.swift */ = {isa = PBXFileReference; fileEncoding = 4; lastKnownFileType = sourcecode.swift; path = ShopLiveConfiguration.swift; sourceTree = "<group>"; };
		BFC091F726779B2800619A19 /* SafariServices.framework */ = {isa = PBXFileReference; lastKnownFileType = wrapper.framework; name = SafariServices.framework; path = System/Library/Frameworks/SafariServices.framework; sourceTree = SDKROOT; };
		F9124FBD36517838FDD2A8DF /* Pods_ShopLiveSwiftSample.framework */ = {isa = PBXFileReference; explicitFileType = wrapper.framework; includeInIndex = 0; path = Pods_ShopLiveSwiftSample.framework; sourceTree = BUILT_PRODUCTS_DIR; };
/* End PBXFileReference section */

/* Begin PBXFrameworksBuildPhase section */
		1BAEDDD326042D0D005C5DD4 /* Frameworks */ = {
			isa = PBXFrameworksBuildPhase;
			buildActionMask = 2147483647;
			files = (
				BFC092022677AC6600619A19 /* SafariServices.framework in Frameworks */,
				3C3AFBDD0A9E7C49160E4FFB /* Pods_ShopLiveSwiftSample.framework in Frameworks */,
			);
			runOnlyForDeploymentPostprocessing = 0;
		};
		1BAEDDE926042D0F005C5DD4 /* Frameworks */ = {
			isa = PBXFrameworksBuildPhase;
			buildActionMask = 2147483647;
			files = (
			);
			runOnlyForDeploymentPostprocessing = 0;
		};
		1BAEDDF426042D0F005C5DD4 /* Frameworks */ = {
			isa = PBXFrameworksBuildPhase;
			buildActionMask = 2147483647;
			files = (
			);
			runOnlyForDeploymentPostprocessing = 0;
		};
/* End PBXFrameworksBuildPhase section */

/* Begin PBXGroup section */
		173A01DFFAFB6BF1D6F1B832 /* Pods */ = {
			isa = PBXGroup;
			children = (
				1EECA903552BBE2B3FDA9498 /* Pods-ShopLiveSwiftSample.debug.xcconfig */,
				B9FF8647EDF91DDB38152377 /* Pods-ShopLiveSwiftSample.release.xcconfig */,
			);
			path = Pods;
			sourceTree = "<group>";
		};
		1BAEDDCD26042D0D005C5DD4 = {
			isa = PBXGroup;
			children = (
				1BAEDDD826042D0D005C5DD4 /* ShopLiveSwiftSample */,
				1BAEDDEF26042D0F005C5DD4 /* ShopLiveSwiftSampleTests */,
				1BAEDDFA26042D0F005C5DD4 /* ShopLiveSwiftSampleUITests */,
				1BAEDDD726042D0D005C5DD4 /* Products */,
				1BAEDE0C26042EB1005C5DD4 /* Frameworks */,
				173A01DFFAFB6BF1D6F1B832 /* Pods */,
			);
			sourceTree = "<group>";
		};
		1BAEDDD726042D0D005C5DD4 /* Products */ = {
			isa = PBXGroup;
			children = (
				1BAEDDD626042D0D005C5DD4 /* ShopLiveSwiftSample.app */,
				1BAEDDEC26042D0F005C5DD4 /* ShopLiveSwiftSampleTests.xctest */,
				1BAEDDF726042D0F005C5DD4 /* ShopLiveSwiftSampleUITests.xctest */,
			);
			name = Products;
			sourceTree = "<group>";
		};
		1BAEDDD826042D0D005C5DD4 /* ShopLiveSwiftSample */ = {
			isa = PBXGroup;
			children = (
				BFC091F526779A8C00619A19 /* ShopLiveConfiguration.swift */,
				BFC091EF267798A600619A19 /* KeySetRegisterController.swift */,
				BFC091F0267798A600619A19 /* ShopLiveDemoKeyTools.swift */,
				1BAEDDD926042D0D005C5DD4 /* AppDelegate.swift */,
				1BAEDDDB26042D0D005C5DD4 /* SceneDelegate.swift */,
				1BAEDDDD26042D0D005C5DD4 /* ViewController.swift */,
				1BAEDDDF26042D0D005C5DD4 /* Main.storyboard */,
				1BAEDDE226042D0F005C5DD4 /* Assets.xcassets */,
				1BAEDDE426042D0F005C5DD4 /* LaunchScreen.storyboard */,
				1BAEDDE726042D0F005C5DD4 /* Info.plist */,
			);
			path = ShopLiveSwiftSample;
			sourceTree = "<group>";
		};
		1BAEDDEF26042D0F005C5DD4 /* ShopLiveSwiftSampleTests */ = {
			isa = PBXGroup;
			children = (
				1BAEDDF026042D0F005C5DD4 /* ShopLiveSwiftSampleTests.swift */,
				1BAEDDF226042D0F005C5DD4 /* Info.plist */,
			);
			path = ShopLiveSwiftSampleTests;
			sourceTree = "<group>";
		};
		1BAEDDFA26042D0F005C5DD4 /* ShopLiveSwiftSampleUITests */ = {
			isa = PBXGroup;
			children = (
				1BAEDDFB26042D0F005C5DD4 /* ShopLiveSwiftSampleUITests.swift */,
				1BAEDDFD26042D0F005C5DD4 /* Info.plist */,
			);
			path = ShopLiveSwiftSampleUITests;
			sourceTree = "<group>";
		};
		1BAEDE0C26042EB1005C5DD4 /* Frameworks */ = {
			isa = PBXGroup;
			children = (
				BFC091F726779B2800619A19 /* SafariServices.framework */,
				F9124FBD36517838FDD2A8DF /* Pods_ShopLiveSwiftSample.framework */,
			);
			name = Frameworks;
			sourceTree = "<group>";
		};
/* End PBXGroup section */

/* Begin PBXNativeTarget section */
		1BAEDDD526042D0D005C5DD4 /* ShopLiveSwiftSample */ = {
			isa = PBXNativeTarget;
			buildConfigurationList = 1BAEDE0026042D0F005C5DD4 /* Build configuration list for PBXNativeTarget "ShopLiveSwiftSample" */;
			buildPhases = (
				7BAE73CB6D63EA0241E9EDDA /* [CP] Check Pods Manifest.lock */,
				1BAEDDD226042D0D005C5DD4 /* Sources */,
				1BAEDDD326042D0D005C5DD4 /* Frameworks */,
				1BAEDDD426042D0D005C5DD4 /* Resources */,
				BFC091FF2677AC3300619A19 /* Embed Frameworks */,
				822D72EC0CEBC97ABDC7C8CF /* [CP] Embed Pods Frameworks */,
			);
			buildRules = (
			);
			dependencies = (
			);
			name = ShopLiveSwiftSample;
			productName = ShopLiveSwiftSample;
			productReference = 1BAEDDD626042D0D005C5DD4 /* ShopLiveSwiftSample.app */;
			productType = "com.apple.product-type.application";
		};
		1BAEDDEB26042D0F005C5DD4 /* ShopLiveSwiftSampleTests */ = {
			isa = PBXNativeTarget;
			buildConfigurationList = 1BAEDE0326042D0F005C5DD4 /* Build configuration list for PBXNativeTarget "ShopLiveSwiftSampleTests" */;
			buildPhases = (
				1BAEDDE826042D0F005C5DD4 /* Sources */,
				1BAEDDE926042D0F005C5DD4 /* Frameworks */,
				1BAEDDEA26042D0F005C5DD4 /* Resources */,
			);
			buildRules = (
			);
			dependencies = (
				1BAEDDEE26042D0F005C5DD4 /* PBXTargetDependency */,
			);
			name = ShopLiveSwiftSampleTests;
			productName = ShopLiveSwiftSampleTests;
			productReference = 1BAEDDEC26042D0F005C5DD4 /* ShopLiveSwiftSampleTests.xctest */;
			productType = "com.apple.product-type.bundle.unit-test";
		};
		1BAEDDF626042D0F005C5DD4 /* ShopLiveSwiftSampleUITests */ = {
			isa = PBXNativeTarget;
			buildConfigurationList = 1BAEDE0626042D0F005C5DD4 /* Build configuration list for PBXNativeTarget "ShopLiveSwiftSampleUITests" */;
			buildPhases = (
				1BAEDDF326042D0F005C5DD4 /* Sources */,
				1BAEDDF426042D0F005C5DD4 /* Frameworks */,
				1BAEDDF526042D0F005C5DD4 /* Resources */,
			);
			buildRules = (
			);
			dependencies = (
				1BAEDDF926042D0F005C5DD4 /* PBXTargetDependency */,
			);
			name = ShopLiveSwiftSampleUITests;
			productName = ShopLiveSwiftSampleUITests;
			productReference = 1BAEDDF726042D0F005C5DD4 /* ShopLiveSwiftSampleUITests.xctest */;
			productType = "com.apple.product-type.bundle.ui-testing";
		};
/* End PBXNativeTarget section */

/* Begin PBXProject section */
		1BAEDDCE26042D0D005C5DD4 /* Project object */ = {
			isa = PBXProject;
			attributes = {
				LastSwiftUpdateCheck = 1240;
				LastUpgradeCheck = 1240;
				TargetAttributes = {
					1BAEDDD526042D0D005C5DD4 = {
						CreatedOnToolsVersion = 12.4;
					};
					1BAEDDEB26042D0F005C5DD4 = {
						CreatedOnToolsVersion = 12.4;
						TestTargetID = 1BAEDDD526042D0D005C5DD4;
					};
					1BAEDDF626042D0F005C5DD4 = {
						CreatedOnToolsVersion = 12.4;
						TestTargetID = 1BAEDDD526042D0D005C5DD4;
					};
				};
			};
			buildConfigurationList = 1BAEDDD126042D0D005C5DD4 /* Build configuration list for PBXProject "ShopLiveSwiftSample" */;
			compatibilityVersion = "Xcode 9.3";
			developmentRegion = en;
			hasScannedForEncodings = 0;
			knownRegions = (
				en,
				Base,
			);
			mainGroup = 1BAEDDCD26042D0D005C5DD4;
			productRefGroup = 1BAEDDD726042D0D005C5DD4 /* Products */;
			projectDirPath = "";
			projectRoot = "";
			targets = (
				1BAEDDD526042D0D005C5DD4 /* ShopLiveSwiftSample */,
				1BAEDDEB26042D0F005C5DD4 /* ShopLiveSwiftSampleTests */,
				1BAEDDF626042D0F005C5DD4 /* ShopLiveSwiftSampleUITests */,
			);
		};
/* End PBXProject section */

/* Begin PBXResourcesBuildPhase section */
		1BAEDDD426042D0D005C5DD4 /* Resources */ = {
			isa = PBXResourcesBuildPhase;
			buildActionMask = 2147483647;
			files = (
				1BAEDDE626042D0F005C5DD4 /* LaunchScreen.storyboard in Resources */,
				1BAEDDE326042D0F005C5DD4 /* Assets.xcassets in Resources */,
				1BAEDDE126042D0D005C5DD4 /* Main.storyboard in Resources */,
			);
			runOnlyForDeploymentPostprocessing = 0;
		};
		1BAEDDEA26042D0F005C5DD4 /* Resources */ = {
			isa = PBXResourcesBuildPhase;
			buildActionMask = 2147483647;
			files = (
			);
			runOnlyForDeploymentPostprocessing = 0;
		};
		1BAEDDF526042D0F005C5DD4 /* Resources */ = {
			isa = PBXResourcesBuildPhase;
			buildActionMask = 2147483647;
			files = (
			);
			runOnlyForDeploymentPostprocessing = 0;
		};
/* End PBXResourcesBuildPhase section */

/* Begin PBXShellScriptBuildPhase section */
		7BAE73CB6D63EA0241E9EDDA /* [CP] Check Pods Manifest.lock */ = {
			isa = PBXShellScriptBuildPhase;
			buildActionMask = 2147483647;
			files = (
			);
			inputFileListPaths = (
			);
			inputPaths = (
				"${PODS_PODFILE_DIR_PATH}/Podfile.lock",
				"${PODS_ROOT}/Manifest.lock",
			);
			name = "[CP] Check Pods Manifest.lock";
			outputFileListPaths = (
			);
			outputPaths = (
				"$(DERIVED_FILE_DIR)/Pods-ShopLiveSwiftSample-checkManifestLockResult.txt",
			);
			runOnlyForDeploymentPostprocessing = 0;
			shellPath = /bin/sh;
			shellScript = "diff \"${PODS_PODFILE_DIR_PATH}/Podfile.lock\" \"${PODS_ROOT}/Manifest.lock\" > /dev/null\nif [ $? != 0 ] ; then\n    # print error to STDERR\n    echo \"error: The sandbox is not in sync with the Podfile.lock. Run 'pod install' or update your CocoaPods installation.\" >&2\n    exit 1\nfi\n# This output is used by Xcode 'outputs' to avoid re-running this script phase.\necho \"SUCCESS\" > \"${SCRIPT_OUTPUT_FILE_0}\"\n";
			showEnvVarsInLog = 0;
		};
		822D72EC0CEBC97ABDC7C8CF /* [CP] Embed Pods Frameworks */ = {
			isa = PBXShellScriptBuildPhase;
			buildActionMask = 2147483647;
			files = (
			);
			inputFileListPaths = (
				"${PODS_ROOT}/Target Support Files/Pods-ShopLiveSwiftSample/Pods-ShopLiveSwiftSample-frameworks-${CONFIGURATION}-input-files.xcfilelist",
			);
			name = "[CP] Embed Pods Frameworks";
			outputFileListPaths = (
				"${PODS_ROOT}/Target Support Files/Pods-ShopLiveSwiftSample/Pods-ShopLiveSwiftSample-frameworks-${CONFIGURATION}-output-files.xcfilelist",
			);
			runOnlyForDeploymentPostprocessing = 0;
			shellPath = /bin/sh;
			shellScript = "\"${PODS_ROOT}/Target Support Files/Pods-ShopLiveSwiftSample/Pods-ShopLiveSwiftSample-frameworks.sh\"\n";
			showEnvVarsInLog = 0;
		};
/* End PBXShellScriptBuildPhase section */

/* Begin PBXSourcesBuildPhase section */
		1BAEDDD226042D0D005C5DD4 /* Sources */ = {
			isa = PBXSourcesBuildPhase;
			buildActionMask = 2147483647;
			files = (
				1BAEDDDE26042D0D005C5DD4 /* ViewController.swift in Sources */,
				1BAEDDDA26042D0D005C5DD4 /* AppDelegate.swift in Sources */,
				1BAEDDDC26042D0D005C5DD4 /* SceneDelegate.swift in Sources */,
				BFC091F1267798A600619A19 /* KeySetRegisterController.swift in Sources */,
				BFC091F626779A8C00619A19 /* ShopLiveConfiguration.swift in Sources */,
				BFC091F2267798A600619A19 /* ShopLiveDemoKeyTools.swift in Sources */,
			);
			runOnlyForDeploymentPostprocessing = 0;
		};
		1BAEDDE826042D0F005C5DD4 /* Sources */ = {
			isa = PBXSourcesBuildPhase;
			buildActionMask = 2147483647;
			files = (
				1BAEDDF126042D0F005C5DD4 /* ShopLiveSwiftSampleTests.swift in Sources */,
			);
			runOnlyForDeploymentPostprocessing = 0;
		};
		1BAEDDF326042D0F005C5DD4 /* Sources */ = {
			isa = PBXSourcesBuildPhase;
			buildActionMask = 2147483647;
			files = (
				1BAEDDFC26042D0F005C5DD4 /* ShopLiveSwiftSampleUITests.swift in Sources */,
			);
			runOnlyForDeploymentPostprocessing = 0;
		};
/* End PBXSourcesBuildPhase section */

/* Begin PBXTargetDependency section */
		1BAEDDEE26042D0F005C5DD4 /* PBXTargetDependency */ = {
			isa = PBXTargetDependency;
			target = 1BAEDDD526042D0D005C5DD4 /* ShopLiveSwiftSample */;
			targetProxy = 1BAEDDED26042D0F005C5DD4 /* PBXContainerItemProxy */;
		};
		1BAEDDF926042D0F005C5DD4 /* PBXTargetDependency */ = {
			isa = PBXTargetDependency;
			target = 1BAEDDD526042D0D005C5DD4 /* ShopLiveSwiftSample */;
			targetProxy = 1BAEDDF826042D0F005C5DD4 /* PBXContainerItemProxy */;
		};
/* End PBXTargetDependency section */

/* Begin PBXVariantGroup section */
		1BAEDDDF26042D0D005C5DD4 /* Main.storyboard */ = {
			isa = PBXVariantGroup;
			children = (
				1BAEDDE026042D0D005C5DD4 /* Base */,
			);
			name = Main.storyboard;
			sourceTree = "<group>";
		};
		1BAEDDE426042D0F005C5DD4 /* LaunchScreen.storyboard */ = {
			isa = PBXVariantGroup;
			children = (
				1BAEDDE526042D0F005C5DD4 /* Base */,
			);
			name = LaunchScreen.storyboard;
			sourceTree = "<group>";
		};
/* End PBXVariantGroup section */

/* Begin XCBuildConfiguration section */
		1BAEDDFE26042D0F005C5DD4 /* Debug */ = {
			isa = XCBuildConfiguration;
			buildSettings = {
				ALWAYS_SEARCH_USER_PATHS = NO;
				CLANG_ANALYZER_NONNULL = YES;
				CLANG_ANALYZER_NUMBER_OBJECT_CONVERSION = YES_AGGRESSIVE;
				CLANG_CXX_LANGUAGE_STANDARD = "gnu++14";
				CLANG_CXX_LIBRARY = "libc++";
				CLANG_ENABLE_MODULES = YES;
				CLANG_ENABLE_OBJC_ARC = YES;
				CLANG_ENABLE_OBJC_WEAK = YES;
				CLANG_WARN_BLOCK_CAPTURE_AUTORELEASING = YES;
				CLANG_WARN_BOOL_CONVERSION = YES;
				CLANG_WARN_COMMA = YES;
				CLANG_WARN_CONSTANT_CONVERSION = YES;
				CLANG_WARN_DEPRECATED_OBJC_IMPLEMENTATIONS = YES;
				CLANG_WARN_DIRECT_OBJC_ISA_USAGE = YES_ERROR;
				CLANG_WARN_DOCUMENTATION_COMMENTS = YES;
				CLANG_WARN_EMPTY_BODY = YES;
				CLANG_WARN_ENUM_CONVERSION = YES;
				CLANG_WARN_INFINITE_RECURSION = YES;
				CLANG_WARN_INT_CONVERSION = YES;
				CLANG_WARN_NON_LITERAL_NULL_CONVERSION = YES;
				CLANG_WARN_OBJC_IMPLICIT_RETAIN_SELF = YES;
				CLANG_WARN_OBJC_LITERAL_CONVERSION = YES;
				CLANG_WARN_OBJC_ROOT_CLASS = YES_ERROR;
				CLANG_WARN_QUOTED_INCLUDE_IN_FRAMEWORK_HEADER = YES;
				CLANG_WARN_RANGE_LOOP_ANALYSIS = YES;
				CLANG_WARN_STRICT_PROTOTYPES = YES;
				CLANG_WARN_SUSPICIOUS_MOVE = YES;
				CLANG_WARN_UNGUARDED_AVAILABILITY = YES_AGGRESSIVE;
				CLANG_WARN_UNREACHABLE_CODE = YES;
				CLANG_WARN__DUPLICATE_METHOD_MATCH = YES;
				COPY_PHASE_STRIP = NO;
				DEBUG_INFORMATION_FORMAT = dwarf;
				ENABLE_STRICT_OBJC_MSGSEND = YES;
				ENABLE_TESTABILITY = YES;
				GCC_C_LANGUAGE_STANDARD = gnu11;
				GCC_DYNAMIC_NO_PIC = NO;
				GCC_NO_COMMON_BLOCKS = YES;
				GCC_OPTIMIZATION_LEVEL = 0;
				GCC_PREPROCESSOR_DEFINITIONS = (
					"DEBUG=1",
					"$(inherited)",
				);
				GCC_WARN_64_TO_32_BIT_CONVERSION = YES;
				GCC_WARN_ABOUT_RETURN_TYPE = YES_ERROR;
				GCC_WARN_UNDECLARED_SELECTOR = YES;
				GCC_WARN_UNINITIALIZED_AUTOS = YES_AGGRESSIVE;
				GCC_WARN_UNUSED_FUNCTION = YES;
				GCC_WARN_UNUSED_VARIABLE = YES;
				IPHONEOS_DEPLOYMENT_TARGET = 11.0;
				MTL_ENABLE_DEBUG_INFO = INCLUDE_SOURCE;
				MTL_FAST_MATH = YES;
				ONLY_ACTIVE_ARCH = YES;
				SDKROOT = iphoneos;
				SWIFT_ACTIVE_COMPILATION_CONDITIONS = DEBUG;
				SWIFT_OPTIMIZATION_LEVEL = "-Onone";
			};
			name = Debug;
		};
		1BAEDDFF26042D0F005C5DD4 /* Release */ = {
			isa = XCBuildConfiguration;
			buildSettings = {
				ALWAYS_SEARCH_USER_PATHS = NO;
				CLANG_ANALYZER_NONNULL = YES;
				CLANG_ANALYZER_NUMBER_OBJECT_CONVERSION = YES_AGGRESSIVE;
				CLANG_CXX_LANGUAGE_STANDARD = "gnu++14";
				CLANG_CXX_LIBRARY = "libc++";
				CLANG_ENABLE_MODULES = YES;
				CLANG_ENABLE_OBJC_ARC = YES;
				CLANG_ENABLE_OBJC_WEAK = YES;
				CLANG_WARN_BLOCK_CAPTURE_AUTORELEASING = YES;
				CLANG_WARN_BOOL_CONVERSION = YES;
				CLANG_WARN_COMMA = YES;
				CLANG_WARN_CONSTANT_CONVERSION = YES;
				CLANG_WARN_DEPRECATED_OBJC_IMPLEMENTATIONS = YES;
				CLANG_WARN_DIRECT_OBJC_ISA_USAGE = YES_ERROR;
				CLANG_WARN_DOCUMENTATION_COMMENTS = YES;
				CLANG_WARN_EMPTY_BODY = YES;
				CLANG_WARN_ENUM_CONVERSION = YES;
				CLANG_WARN_INFINITE_RECURSION = YES;
				CLANG_WARN_INT_CONVERSION = YES;
				CLANG_WARN_NON_LITERAL_NULL_CONVERSION = YES;
				CLANG_WARN_OBJC_IMPLICIT_RETAIN_SELF = YES;
				CLANG_WARN_OBJC_LITERAL_CONVERSION = YES;
				CLANG_WARN_OBJC_ROOT_CLASS = YES_ERROR;
				CLANG_WARN_QUOTED_INCLUDE_IN_FRAMEWORK_HEADER = YES;
				CLANG_WARN_RANGE_LOOP_ANALYSIS = YES;
				CLANG_WARN_STRICT_PROTOTYPES = YES;
				CLANG_WARN_SUSPICIOUS_MOVE = YES;
				CLANG_WARN_UNGUARDED_AVAILABILITY = YES_AGGRESSIVE;
				CLANG_WARN_UNREACHABLE_CODE = YES;
				CLANG_WARN__DUPLICATE_METHOD_MATCH = YES;
				COPY_PHASE_STRIP = NO;
				DEBUG_INFORMATION_FORMAT = "dwarf-with-dsym";
				ENABLE_NS_ASSERTIONS = NO;
				ENABLE_STRICT_OBJC_MSGSEND = YES;
				GCC_C_LANGUAGE_STANDARD = gnu11;
				GCC_NO_COMMON_BLOCKS = YES;
				GCC_WARN_64_TO_32_BIT_CONVERSION = YES;
				GCC_WARN_ABOUT_RETURN_TYPE = YES_ERROR;
				GCC_WARN_UNDECLARED_SELECTOR = YES;
				GCC_WARN_UNINITIALIZED_AUTOS = YES_AGGRESSIVE;
				GCC_WARN_UNUSED_FUNCTION = YES;
				GCC_WARN_UNUSED_VARIABLE = YES;
				IPHONEOS_DEPLOYMENT_TARGET = 11.0;
				MTL_ENABLE_DEBUG_INFO = NO;
				MTL_FAST_MATH = YES;
				SDKROOT = iphoneos;
				SWIFT_COMPILATION_MODE = wholemodule;
				SWIFT_OPTIMIZATION_LEVEL = "-O";
				VALIDATE_PRODUCT = YES;
			};
			name = Release;
		};
		1BAEDE0126042D0F005C5DD4 /* Debug */ = {
			isa = XCBuildConfiguration;
			baseConfigurationReference = 1EECA903552BBE2B3FDA9498 /* Pods-ShopLiveSwiftSample.debug.xcconfig */;
			buildSettings = {
				ASSETCATALOG_COMPILER_APPICON_NAME = AppIcon;
				ASSETCATALOG_COMPILER_GLOBAL_ACCENT_COLOR_NAME = AccentColor;
				CODE_SIGN_STYLE = Automatic;
				DEVELOPMENT_TEAM = D237UGRPX6;
				INFOPLIST_FILE = ShopLiveSwiftSample/Info.plist;
				LD_RUNPATH_SEARCH_PATHS = (
					"$(inherited)",
					"@executable_path/Frameworks",
				);
				PRODUCT_BUNDLE_IDENTIFIER = cloud.shoplive.sdk.sample.swift.ShopLiveSwiftSample;
				PRODUCT_NAME = "$(TARGET_NAME)";
				SWIFT_VERSION = 5.0;
				TARGETED_DEVICE_FAMILY = "1,2";
			};
			name = Debug;
		};
		1BAEDE0226042D0F005C5DD4 /* Release */ = {
			isa = XCBuildConfiguration;
			baseConfigurationReference = B9FF8647EDF91DDB38152377 /* Pods-ShopLiveSwiftSample.release.xcconfig */;
			buildSettings = {
				ASSETCATALOG_COMPILER_APPICON_NAME = AppIcon;
				ASSETCATALOG_COMPILER_GLOBAL_ACCENT_COLOR_NAME = AccentColor;
				CODE_SIGN_STYLE = Automatic;
				DEVELOPMENT_TEAM = D237UGRPX6;
				INFOPLIST_FILE = ShopLiveSwiftSample/Info.plist;
				LD_RUNPATH_SEARCH_PATHS = (
					"$(inherited)",
					"@executable_path/Frameworks",
				);
				PRODUCT_BUNDLE_IDENTIFIER = cloud.shoplive.sdk.sample.swift.ShopLiveSwiftSample;
				PRODUCT_NAME = "$(TARGET_NAME)";
				SWIFT_VERSION = 5.0;
				TARGETED_DEVICE_FAMILY = "1,2";
			};
			name = Release;
		};
		1BAEDE0426042D0F005C5DD4 /* Debug */ = {
			isa = XCBuildConfiguration;
			buildSettings = {
				ALWAYS_EMBED_SWIFT_STANDARD_LIBRARIES = YES;
				BUNDLE_LOADER = "$(TEST_HOST)";
				CODE_SIGN_STYLE = Automatic;
				INFOPLIST_FILE = ShopLiveSwiftSampleTests/Info.plist;
				IPHONEOS_DEPLOYMENT_TARGET = 14.4;
				LD_RUNPATH_SEARCH_PATHS = (
					"$(inherited)",
					"@executable_path/Frameworks",
					"@loader_path/Frameworks",
				);
				PRODUCT_BUNDLE_IDENTIFIER = cloud.shoplive.sdk.sample.swift.ShopLiveSwiftSampleTests;
				PRODUCT_NAME = "$(TARGET_NAME)";
				SWIFT_VERSION = 5.0;
				TARGETED_DEVICE_FAMILY = "1,2";
				TEST_HOST = "$(BUILT_PRODUCTS_DIR)/ShopLiveSwiftSample.app/ShopLiveSwiftSample";
			};
			name = Debug;
		};
		1BAEDE0526042D0F005C5DD4 /* Release */ = {
			isa = XCBuildConfiguration;
			buildSettings = {
				ALWAYS_EMBED_SWIFT_STANDARD_LIBRARIES = YES;
				BUNDLE_LOADER = "$(TEST_HOST)";
				CODE_SIGN_STYLE = Automatic;
				INFOPLIST_FILE = ShopLiveSwiftSampleTests/Info.plist;
				IPHONEOS_DEPLOYMENT_TARGET = 14.4;
				LD_RUNPATH_SEARCH_PATHS = (
					"$(inherited)",
					"@executable_path/Frameworks",
					"@loader_path/Frameworks",
				);
				PRODUCT_BUNDLE_IDENTIFIER = cloud.shoplive.sdk.sample.swift.ShopLiveSwiftSampleTests;
				PRODUCT_NAME = "$(TARGET_NAME)";
				SWIFT_VERSION = 5.0;
				TARGETED_DEVICE_FAMILY = "1,2";
				TEST_HOST = "$(BUILT_PRODUCTS_DIR)/ShopLiveSwiftSample.app/ShopLiveSwiftSample";
			};
			name = Release;
		};
		1BAEDE0726042D0F005C5DD4 /* Debug */ = {
			isa = XCBuildConfiguration;
			buildSettings = {
				ALWAYS_EMBED_SWIFT_STANDARD_LIBRARIES = YES;
				CODE_SIGN_STYLE = Automatic;
				INFOPLIST_FILE = ShopLiveSwiftSampleUITests/Info.plist;
				LD_RUNPATH_SEARCH_PATHS = (
					"$(inherited)",
					"@executable_path/Frameworks",
					"@loader_path/Frameworks",
				);
				PRODUCT_BUNDLE_IDENTIFIER = cloud.shoplive.sdk.sample.swift.ShopLiveSwiftSampleUITests;
				PRODUCT_NAME = "$(TARGET_NAME)";
				SWIFT_VERSION = 5.0;
				TARGETED_DEVICE_FAMILY = "1,2";
				TEST_TARGET_NAME = ShopLiveSwiftSample;
			};
			name = Debug;
		};
		1BAEDE0826042D0F005C5DD4 /* Release */ = {
			isa = XCBuildConfiguration;
			buildSettings = {
				ALWAYS_EMBED_SWIFT_STANDARD_LIBRARIES = YES;
				CODE_SIGN_STYLE = Automatic;
				INFOPLIST_FILE = ShopLiveSwiftSampleUITests/Info.plist;
				LD_RUNPATH_SEARCH_PATHS = (
					"$(inherited)",
					"@executable_path/Frameworks",
					"@loader_path/Frameworks",
				);
				PRODUCT_BUNDLE_IDENTIFIER = cloud.shoplive.sdk.sample.swift.ShopLiveSwiftSampleUITests;
				PRODUCT_NAME = "$(TARGET_NAME)";
				SWIFT_VERSION = 5.0;
				TARGETED_DEVICE_FAMILY = "1,2";
				TEST_TARGET_NAME = ShopLiveSwiftSample;
			};
			name = Release;
		};
/* End XCBuildConfiguration section */

/* Begin XCConfigurationList section */
		1BAEDDD126042D0D005C5DD4 /* Build configuration list for PBXProject "ShopLiveSwiftSample" */ = {
			isa = XCConfigurationList;
			buildConfigurations = (
				1BAEDDFE26042D0F005C5DD4 /* Debug */,
				1BAEDDFF26042D0F005C5DD4 /* Release */,
			);
			defaultConfigurationIsVisible = 0;
			defaultConfigurationName = Release;
		};
		1BAEDE0026042D0F005C5DD4 /* Build configuration list for PBXNativeTarget "ShopLiveSwiftSample" */ = {
			isa = XCConfigurationList;
			buildConfigurations = (
				1BAEDE0126042D0F005C5DD4 /* Debug */,
				1BAEDE0226042D0F005C5DD4 /* Release */,
			);
			defaultConfigurationIsVisible = 0;
			defaultConfigurationName = Release;
		};
		1BAEDE0326042D0F005C5DD4 /* Build configuration list for PBXNativeTarget "ShopLiveSwiftSampleTests" */ = {
			isa = XCConfigurationList;
			buildConfigurations = (
				1BAEDE0426042D0F005C5DD4 /* Debug */,
				1BAEDE0526042D0F005C5DD4 /* Release */,
			);
			defaultConfigurationIsVisible = 0;
			defaultConfigurationName = Release;
		};
		1BAEDE0626042D0F005C5DD4 /* Build configuration list for PBXNativeTarget "ShopLiveSwiftSampleUITests" */ = {
			isa = XCConfigurationList;
			buildConfigurations = (
				1BAEDE0726042D0F005C5DD4 /* Debug */,
				1BAEDE0826042D0F005C5DD4 /* Release */,
			);
			defaultConfigurationIsVisible = 0;
			defaultConfigurationName = Release;
		};
/* End XCConfigurationList section */
	};
	rootObject = 1BAEDDCE26042D0D005C5DD4 /* Project object */;
}
