// !$*UTF8*$!
{
	archiveVersion = 1;
	classes = {
	};
	objectVersion = 52;
	objects = {

/* Begin PBXBuildFile section */
		1B3CD6A026006E6D00B94997 /* ShopLiveDemoApp.swift in Sources */ = {isa = PBXBuildFile; fileRef = 1B3CD69F26006E6D00B94997 /* ShopLiveDemoApp.swift */; };
		1B3CD6A226006E6D00B94997 /* ContentView.swift in Sources */ = {isa = PBXBuildFile; fileRef = 1B3CD6A126006E6D00B94997 /* ContentView.swift */; };
		1B3CD6A426006E6F00B94997 /* Assets.xcassets in Resources */ = {isa = PBXBuildFile; fileRef = 1B3CD6A326006E6F00B94997 /* Assets.xcassets */; };
		1B3CD6A726006E6F00B94997 /* Preview Assets.xcassets in Resources */ = {isa = PBXBuildFile; fileRef = 1B3CD6A626006E6F00B94997 /* Preview Assets.xcassets */; };
		1B3CD6B226006E7000B94997 /* ShopLiveDemoTests.swift in Sources */ = {isa = PBXBuildFile; fileRef = 1B3CD6B126006E7000B94997 /* ShopLiveDemoTests.swift */; };
		1B3CD6BD26006E7000B94997 /* ShopLiveDemoUITests.swift in Sources */ = {isa = PBXBuildFile; fileRef = 1B3CD6BC26006E7000B94997 /* ShopLiveDemoUITests.swift */; };
		1B3CD6D4260074D100B94997 /* ShopLiveDemoAppModel.swift in Sources */ = {isa = PBXBuildFile; fileRef = 1B3CD6D3260074D100B94997 /* ShopLiveDemoAppModel.swift */; };
		1B3CD70C26008FD400B94997 /* ContentViewModel.swift in Sources */ = {isa = PBXBuildFile; fileRef = 1B3CD70B26008FD400B94997 /* ContentViewModel.swift */; };
		1B3CD7112600934700B94997 /* Configuration.swift in Sources */ = {isa = PBXBuildFile; fileRef = 1B3CD7102600934700B94997 /* Configuration.swift */; };
		1B3CD7162600939100B94997 /* DemoUserDefaults.swift in Sources */ = {isa = PBXBuildFile; fileRef = 1B3CD7152600939100B94997 /* DemoUserDefaults.swift */; };
		1B3CD7432601C96C00B94997 /* WebView.swift in Sources */ = {isa = PBXBuildFile; fileRef = 1B3CD7422601C96C00B94997 /* WebView.swift */; };
		1BAEDD63260328CA005C5DD4 /* ShopLiveSDK.xcframework in Frameworks */ = {isa = PBXBuildFile; fileRef = 1BAEDD62260328CA005C5DD4 /* ShopLiveSDK.xcframework */; };
		1BAEDD64260328CA005C5DD4 /* ShopLiveSDK.xcframework in Embed Frameworks */ = {isa = PBXBuildFile; fileRef = 1BAEDD62260328CA005C5DD4 /* ShopLiveSDK.xcframework */; settings = {ATTRIBUTES = (CodeSignOnCopy, RemoveHeadersOnCopy, ); }; };
/* End PBXBuildFile section */

/* Begin PBXContainerItemProxy section */
		1B3CD6AE26006E7000B94997 /* PBXContainerItemProxy */ = {
			isa = PBXContainerItemProxy;
			containerPortal = 1B3CD69426006E6D00B94997 /* Project object */;
			proxyType = 1;
			remoteGlobalIDString = 1B3CD69B26006E6D00B94997;
			remoteInfo = ShopLiveDemo;
		};
		1B3CD6B926006E7000B94997 /* PBXContainerItemProxy */ = {
			isa = PBXContainerItemProxy;
			containerPortal = 1B3CD69426006E6D00B94997 /* Project object */;
			proxyType = 1;
			remoteGlobalIDString = 1B3CD69B26006E6D00B94997;
			remoteInfo = ShopLiveDemo;
		};
/* End PBXContainerItemProxy section */

/* Begin PBXCopyFilesBuildPhase section */
		1BAEDD65260328CA005C5DD4 /* Embed Frameworks */ = {
			isa = PBXCopyFilesBuildPhase;
			buildActionMask = 2147483647;
			dstPath = "";
			dstSubfolderSpec = 10;
			files = (
				1BAEDD64260328CA005C5DD4 /* ShopLiveSDK.xcframework in Embed Frameworks */,
			);
			name = "Embed Frameworks";
			runOnlyForDeploymentPostprocessing = 0;
		};
/* End PBXCopyFilesBuildPhase section */

/* Begin PBXFileReference section */
		1B1AC6152601E86D0016B209 /* ShopLiveSDK.xcframework */ = {isa = PBXFileReference; lastKnownFileType = wrapper.xcframework; name = ShopLiveSDK.xcframework; path = ../ShopLiveSDK.xcframework; sourceTree = "<group>"; };
		1B3CD69C26006E6D00B94997 /* ShopLiveDemo.app */ = {isa = PBXFileReference; explicitFileType = wrapper.application; includeInIndex = 0; path = ShopLiveDemo.app; sourceTree = BUILT_PRODUCTS_DIR; };
		1B3CD69F26006E6D00B94997 /* ShopLiveDemoApp.swift */ = {isa = PBXFileReference; lastKnownFileType = sourcecode.swift; path = ShopLiveDemoApp.swift; sourceTree = "<group>"; };
		1B3CD6A126006E6D00B94997 /* ContentView.swift */ = {isa = PBXFileReference; lastKnownFileType = sourcecode.swift; path = ContentView.swift; sourceTree = "<group>"; };
		1B3CD6A326006E6F00B94997 /* Assets.xcassets */ = {isa = PBXFileReference; lastKnownFileType = folder.assetcatalog; path = Assets.xcassets; sourceTree = "<group>"; };
		1B3CD6A626006E6F00B94997 /* Preview Assets.xcassets */ = {isa = PBXFileReference; lastKnownFileType = folder.assetcatalog; path = "Preview Assets.xcassets"; sourceTree = "<group>"; };
		1B3CD6A826006E6F00B94997 /* Info.plist */ = {isa = PBXFileReference; lastKnownFileType = text.plist.xml; path = Info.plist; sourceTree = "<group>"; };
		1B3CD6AD26006E7000B94997 /* ShopLiveDemoTests.xctest */ = {isa = PBXFileReference; explicitFileType = wrapper.cfbundle; includeInIndex = 0; path = ShopLiveDemoTests.xctest; sourceTree = BUILT_PRODUCTS_DIR; };
		1B3CD6B126006E7000B94997 /* ShopLiveDemoTests.swift */ = {isa = PBXFileReference; lastKnownFileType = sourcecode.swift; path = ShopLiveDemoTests.swift; sourceTree = "<group>"; };
		1B3CD6B326006E7000B94997 /* Info.plist */ = {isa = PBXFileReference; lastKnownFileType = text.plist.xml; path = Info.plist; sourceTree = "<group>"; };
		1B3CD6B826006E7000B94997 /* ShopLiveDemoUITests.xctest */ = {isa = PBXFileReference; explicitFileType = wrapper.cfbundle; includeInIndex = 0; path = ShopLiveDemoUITests.xctest; sourceTree = BUILT_PRODUCTS_DIR; };
		1B3CD6BC26006E7000B94997 /* ShopLiveDemoUITests.swift */ = {isa = PBXFileReference; lastKnownFileType = sourcecode.swift; path = ShopLiveDemoUITests.swift; sourceTree = "<group>"; };
		1B3CD6BE26006E7000B94997 /* Info.plist */ = {isa = PBXFileReference; lastKnownFileType = text.plist.xml; path = Info.plist; sourceTree = "<group>"; };
		1B3CD6D3260074D100B94997 /* ShopLiveDemoAppModel.swift */ = {isa = PBXFileReference; lastKnownFileType = sourcecode.swift; path = ShopLiveDemoAppModel.swift; sourceTree = "<group>"; };
		1B3CD70B26008FD400B94997 /* ContentViewModel.swift */ = {isa = PBXFileReference; lastKnownFileType = sourcecode.swift; path = ContentViewModel.swift; sourceTree = "<group>"; };
		1B3CD7102600934700B94997 /* Configuration.swift */ = {isa = PBXFileReference; lastKnownFileType = sourcecode.swift; path = Configuration.swift; sourceTree = "<group>"; };
		1B3CD7152600939100B94997 /* DemoUserDefaults.swift */ = {isa = PBXFileReference; lastKnownFileType = sourcecode.swift; path = DemoUserDefaults.swift; sourceTree = "<group>"; };
		1B3CD72426019E8000B94997 /* ShopLiveSDK.xcframework */ = {isa = PBXFileReference; lastKnownFileType = wrapper.xcframework; name = ShopLiveSDK.xcframework; path = "../ShopLiveSDK-library/ShopLiveSDK.xcframework"; sourceTree = "<group>"; };
		1B3CD7422601C96C00B94997 /* WebView.swift */ = {isa = PBXFileReference; lastKnownFileType = sourcecode.swift; path = WebView.swift; sourceTree = "<group>"; };
		1BAEDD62260328CA005C5DD4 /* ShopLiveSDK.xcframework */ = {isa = PBXFileReference; lastKnownFileType = wrapper.xcframework; name = ShopLiveSDK.xcframework; path = ../../ShopLiveSDK.xcframework; sourceTree = "<group>"; };
/* End PBXFileReference section */

/* Begin PBXFrameworksBuildPhase section */
		1B3CD69926006E6D00B94997 /* Frameworks */ = {
			isa = PBXFrameworksBuildPhase;
			buildActionMask = 2147483647;
			files = (
				1BAEDD63260328CA005C5DD4 /* ShopLiveSDK.xcframework in Frameworks */,
			);
			runOnlyForDeploymentPostprocessing = 0;
		};
		1B3CD6AA26006E7000B94997 /* Frameworks */ = {
			isa = PBXFrameworksBuildPhase;
			buildActionMask = 2147483647;
			files = (
			);
			runOnlyForDeploymentPostprocessing = 0;
		};
		1B3CD6B526006E7000B94997 /* Frameworks */ = {
			isa = PBXFrameworksBuildPhase;
			buildActionMask = 2147483647;
			files = (
			);
			runOnlyForDeploymentPostprocessing = 0;
		};
/* End PBXFrameworksBuildPhase section */

/* Begin PBXGroup section */
		1B3CD69326006E6D00B94997 = {
			isa = PBXGroup;
			children = (
				1B3CD69E26006E6D00B94997 /* ShopLiveDemo */,
				1B3CD6B026006E7000B94997 /* ShopLiveDemoTests */,
				1B3CD6BB26006E7000B94997 /* ShopLiveDemoUITests */,
				1B3CD69D26006E6D00B94997 /* Products */,
				1B3CD72326019E8000B94997 /* Frameworks */,
			);
			sourceTree = "<group>";
		};
		1B3CD69D26006E6D00B94997 /* Products */ = {
			isa = PBXGroup;
			children = (
				1B3CD69C26006E6D00B94997 /* ShopLiveDemo.app */,
				1B3CD6AD26006E7000B94997 /* ShopLiveDemoTests.xctest */,
				1B3CD6B826006E7000B94997 /* ShopLiveDemoUITests.xctest */,
			);
			name = Products;
			sourceTree = "<group>";
		};
		1B3CD69E26006E6D00B94997 /* ShopLiveDemo */ = {
			isa = PBXGroup;
			children = (
				1B3CD69F26006E6D00B94997 /* ShopLiveDemoApp.swift */,
				1B3CD6D3260074D100B94997 /* ShopLiveDemoAppModel.swift */,
				1B3CD6A126006E6D00B94997 /* ContentView.swift */,
				1B3CD70B26008FD400B94997 /* ContentViewModel.swift */,
				1B3CD7422601C96C00B94997 /* WebView.swift */,
				1B3CD7102600934700B94997 /* Configuration.swift */,
				1B3CD7152600939100B94997 /* DemoUserDefaults.swift */,
				1B3CD6A326006E6F00B94997 /* Assets.xcassets */,
				1B3CD6A826006E6F00B94997 /* Info.plist */,
				1B3CD6A526006E6F00B94997 /* Preview Content */,
			);
			path = ShopLiveDemo;
			sourceTree = "<group>";
		};
		1B3CD6A526006E6F00B94997 /* Preview Content */ = {
			isa = PBXGroup;
			children = (
				1B3CD6A626006E6F00B94997 /* Preview Assets.xcassets */,
			);
			path = "Preview Content";
			sourceTree = "<group>";
		};
		1B3CD6B026006E7000B94997 /* ShopLiveDemoTests */ = {
			isa = PBXGroup;
			children = (
				1B3CD6B126006E7000B94997 /* ShopLiveDemoTests.swift */,
				1B3CD6B326006E7000B94997 /* Info.plist */,
			);
			path = ShopLiveDemoTests;
			sourceTree = "<group>";
		};
		1B3CD6BB26006E7000B94997 /* ShopLiveDemoUITests */ = {
			isa = PBXGroup;
			children = (
				1B3CD6BC26006E7000B94997 /* ShopLiveDemoUITests.swift */,
				1B3CD6BE26006E7000B94997 /* Info.plist */,
			);
			path = ShopLiveDemoUITests;
			sourceTree = "<group>";
		};
		1B3CD72326019E8000B94997 /* Frameworks */ = {
			isa = PBXGroup;
			children = (
				1BAEDD62260328CA005C5DD4 /* ShopLiveSDK.xcframework */,
				1B1AC6152601E86D0016B209 /* ShopLiveSDK.xcframework */,
				1B3CD72426019E8000B94997 /* ShopLiveSDK.xcframework */,
			);
			name = Frameworks;
			sourceTree = "<group>";
		};
/* End PBXGroup section */

/* Begin PBXNativeTarget section */
		1B3CD69B26006E6D00B94997 /* ShopLiveDemo */ = {
			isa = PBXNativeTarget;
			buildConfigurationList = 1B3CD6C126006E7000B94997 /* Build configuration list for PBXNativeTarget "ShopLiveDemo" */;
			buildPhases = (
				1B3CD69826006E6D00B94997 /* Sources */,
				1B3CD69926006E6D00B94997 /* Frameworks */,
				1B3CD69A26006E6D00B94997 /* Resources */,
				1BAEDD65260328CA005C5DD4 /* Embed Frameworks */,
			);
			buildRules = (
			);
			dependencies = (
			);
			name = ShopLiveDemo;
			packageProductDependencies = (
			);
			productName = ShopLiveDemo;
			productReference = 1B3CD69C26006E6D00B94997 /* ShopLiveDemo.app */;
			productType = "com.apple.product-type.application";
		};
		1B3CD6AC26006E7000B94997 /* ShopLiveDemoTests */ = {
			isa = PBXNativeTarget;
			buildConfigurationList = 1B3CD6C426006E7000B94997 /* Build configuration list for PBXNativeTarget "ShopLiveDemoTests" */;
			buildPhases = (
				1B3CD6A926006E7000B94997 /* Sources */,
				1B3CD6AA26006E7000B94997 /* Frameworks */,
				1B3CD6AB26006E7000B94997 /* Resources */,
			);
			buildRules = (
			);
			dependencies = (
				1B3CD6AF26006E7000B94997 /* PBXTargetDependency */,
			);
			name = ShopLiveDemoTests;
			productName = ShopLiveDemoTests;
			productReference = 1B3CD6AD26006E7000B94997 /* ShopLiveDemoTests.xctest */;
			productType = "com.apple.product-type.bundle.unit-test";
		};
		1B3CD6B726006E7000B94997 /* ShopLiveDemoUITests */ = {
			isa = PBXNativeTarget;
			buildConfigurationList = 1B3CD6C726006E7000B94997 /* Build configuration list for PBXNativeTarget "ShopLiveDemoUITests" */;
			buildPhases = (
				1B3CD6B426006E7000B94997 /* Sources */,
				1B3CD6B526006E7000B94997 /* Frameworks */,
				1B3CD6B626006E7000B94997 /* Resources */,
			);
			buildRules = (
			);
			dependencies = (
				1B3CD6BA26006E7000B94997 /* PBXTargetDependency */,
			);
			name = ShopLiveDemoUITests;
			productName = ShopLiveDemoUITests;
			productReference = 1B3CD6B826006E7000B94997 /* ShopLiveDemoUITests.xctest */;
			productType = "com.apple.product-type.bundle.ui-testing";
		};
/* End PBXNativeTarget section */

/* Begin PBXProject section */
		1B3CD69426006E6D00B94997 /* Project object */ = {
			isa = PBXProject;
			attributes = {
				LastSwiftUpdateCheck = 1240;
				LastUpgradeCheck = 1240;
				TargetAttributes = {
					1B3CD69B26006E6D00B94997 = {
						CreatedOnToolsVersion = 12.4;
					};
					1B3CD6AC26006E7000B94997 = {
						CreatedOnToolsVersion = 12.4;
						TestTargetID = 1B3CD69B26006E6D00B94997;
					};
					1B3CD6B726006E7000B94997 = {
						CreatedOnToolsVersion = 12.4;
						TestTargetID = 1B3CD69B26006E6D00B94997;
					};
				};
			};
			buildConfigurationList = 1B3CD69726006E6D00B94997 /* Build configuration list for PBXProject "ShopLiveDemo" */;
			compatibilityVersion = "Xcode 9.3";
			developmentRegion = en;
			hasScannedForEncodings = 0;
			knownRegions = (
				en,
				Base,
			);
			mainGroup = 1B3CD69326006E6D00B94997;
			packageReferences = (
			);
			productRefGroup = 1B3CD69D26006E6D00B94997 /* Products */;
			projectDirPath = "";
			projectRoot = "";
			targets = (
				1B3CD69B26006E6D00B94997 /* ShopLiveDemo */,
				1B3CD6AC26006E7000B94997 /* ShopLiveDemoTests */,
				1B3CD6B726006E7000B94997 /* ShopLiveDemoUITests */,
			);
		};
/* End PBXProject section */

/* Begin PBXResourcesBuildPhase section */
		1B3CD69A26006E6D00B94997 /* Resources */ = {
			isa = PBXResourcesBuildPhase;
			buildActionMask = 2147483647;
			files = (
				1B3CD6A726006E6F00B94997 /* Preview Assets.xcassets in Resources */,
				1B3CD6A426006E6F00B94997 /* Assets.xcassets in Resources */,
			);
			runOnlyForDeploymentPostprocessing = 0;
		};
		1B3CD6AB26006E7000B94997 /* Resources */ = {
			isa = PBXResourcesBuildPhase;
			buildActionMask = 2147483647;
			files = (
			);
			runOnlyForDeploymentPostprocessing = 0;
		};
		1B3CD6B626006E7000B94997 /* Resources */ = {
			isa = PBXResourcesBuildPhase;
			buildActionMask = 2147483647;
			files = (
			);
			runOnlyForDeploymentPostprocessing = 0;
		};
/* End PBXResourcesBuildPhase section */

/* Begin PBXSourcesBuildPhase section */
		1B3CD69826006E6D00B94997 /* Sources */ = {
			isa = PBXSourcesBuildPhase;
			buildActionMask = 2147483647;
			files = (
				1B3CD6A226006E6D00B94997 /* ContentView.swift in Sources */,
				1B3CD7112600934700B94997 /* Configuration.swift in Sources */,
				1B3CD7162600939100B94997 /* DemoUserDefaults.swift in Sources */,
				1B3CD6D4260074D100B94997 /* ShopLiveDemoAppModel.swift in Sources */,
				1B3CD6A026006E6D00B94997 /* ShopLiveDemoApp.swift in Sources */,
				1B3CD70C26008FD400B94997 /* ContentViewModel.swift in Sources */,
				1B3CD7432601C96C00B94997 /* WebView.swift in Sources */,
			);
			runOnlyForDeploymentPostprocessing = 0;
		};
		1B3CD6A926006E7000B94997 /* Sources */ = {
			isa = PBXSourcesBuildPhase;
			buildActionMask = 2147483647;
			files = (
				1B3CD6B226006E7000B94997 /* ShopLiveDemoTests.swift in Sources */,
			);
			runOnlyForDeploymentPostprocessing = 0;
		};
		1B3CD6B426006E7000B94997 /* Sources */ = {
			isa = PBXSourcesBuildPhase;
			buildActionMask = 2147483647;
			files = (
				1B3CD6BD26006E7000B94997 /* ShopLiveDemoUITests.swift in Sources */,
			);
			runOnlyForDeploymentPostprocessing = 0;
		};
/* End PBXSourcesBuildPhase section */

/* Begin PBXTargetDependency section */
		1B3CD6AF26006E7000B94997 /* PBXTargetDependency */ = {
			isa = PBXTargetDependency;
			target = 1B3CD69B26006E6D00B94997 /* ShopLiveDemo */;
			targetProxy = 1B3CD6AE26006E7000B94997 /* PBXContainerItemProxy */;
		};
		1B3CD6BA26006E7000B94997 /* PBXTargetDependency */ = {
			isa = PBXTargetDependency;
			target = 1B3CD69B26006E6D00B94997 /* ShopLiveDemo */;
			targetProxy = 1B3CD6B926006E7000B94997 /* PBXContainerItemProxy */;
		};
/* End PBXTargetDependency section */

/* Begin XCBuildConfiguration section */
		1B3CD6BF26006E7000B94997 /* Debug */ = {
			isa = XCBuildConfiguration;
			buildSettings = {
				ALWAYS_SEARCH_USER_PATHS = NO;
				CLANG_ANALYZER_NONNULL = YES;
				CLANG_ANALYZER_NUMBER_OBJECT_CONVERSION = YES_AGGRESSIVE;
				CLANG_CXX_LANGUAGE_STANDARD = "gnu++14";
				CLANG_CXX_LIBRARY = "libc++";
				CLANG_ENABLE_MODULES = YES;
				CLANG_ENABLE_OBJC_ARC = YES;
				CLANG_ENABLE_OBJC_WEAK = YES;
				CLANG_WARN_BLOCK_CAPTURE_AUTORELEASING = YES;
				CLANG_WARN_BOOL_CONVERSION = YES;
				CLANG_WARN_COMMA = YES;
				CLANG_WARN_CONSTANT_CONVERSION = YES;
				CLANG_WARN_DEPRECATED_OBJC_IMPLEMENTATIONS = YES;
				CLANG_WARN_DIRECT_OBJC_ISA_USAGE = YES_ERROR;
				CLANG_WARN_DOCUMENTATION_COMMENTS = YES;
				CLANG_WARN_EMPTY_BODY = YES;
				CLANG_WARN_ENUM_CONVERSION = YES;
				CLANG_WARN_INFINITE_RECURSION = YES;
				CLANG_WARN_INT_CONVERSION = YES;
				CLANG_WARN_NON_LITERAL_NULL_CONVERSION = YES;
				CLANG_WARN_OBJC_IMPLICIT_RETAIN_SELF = YES;
				CLANG_WARN_OBJC_LITERAL_CONVERSION = YES;
				CLANG_WARN_OBJC_ROOT_CLASS = YES_ERROR;
				CLANG_WARN_QUOTED_INCLUDE_IN_FRAMEWORK_HEADER = YES;
				CLANG_WARN_RANGE_LOOP_ANALYSIS = YES;
				CLANG_WARN_STRICT_PROTOTYPES = YES;
				CLANG_WARN_SUSPICIOUS_MOVE = YES;
				CLANG_WARN_UNGUARDED_AVAILABILITY = YES_AGGRESSIVE;
				CLANG_WARN_UNREACHABLE_CODE = YES;
				CLANG_WARN__DUPLICATE_METHOD_MATCH = YES;
				COPY_PHASE_STRIP = NO;
				DEBUG_INFORMATION_FORMAT = dwarf;
				ENABLE_STRICT_OBJC_MSGSEND = YES;
				ENABLE_TESTABILITY = YES;
				GCC_C_LANGUAGE_STANDARD = gnu11;
				GCC_DYNAMIC_NO_PIC = NO;
				GCC_NO_COMMON_BLOCKS = YES;
				GCC_OPTIMIZATION_LEVEL = 0;
				GCC_PREPROCESSOR_DEFINITIONS = (
					"DEBUG=1",
					"$(inherited)",
				);
				GCC_WARN_64_TO_32_BIT_CONVERSION = YES;
				GCC_WARN_ABOUT_RETURN_TYPE = YES_ERROR;
				GCC_WARN_UNDECLARED_SELECTOR = YES;
				GCC_WARN_UNINITIALIZED_AUTOS = YES_AGGRESSIVE;
				GCC_WARN_UNUSED_FUNCTION = YES;
				GCC_WARN_UNUSED_VARIABLE = YES;
				IPHONEOS_DEPLOYMENT_TARGET = 14.4;
				MTL_ENABLE_DEBUG_INFO = INCLUDE_SOURCE;
				MTL_FAST_MATH = YES;
				ONLY_ACTIVE_ARCH = YES;
				SDKROOT = iphoneos;
				SWIFT_ACTIVE_COMPILATION_CONDITIONS = DEBUG;
				SWIFT_OPTIMIZATION_LEVEL = "-Onone";
			};
			name = Debug;
		};
		1B3CD6C026006E7000B94997 /* Release */ = {
			isa = XCBuildConfiguration;
			buildSettings = {
				ALWAYS_SEARCH_USER_PATHS = NO;
				CLANG_ANALYZER_NONNULL = YES;
				CLANG_ANALYZER_NUMBER_OBJECT_CONVERSION = YES_AGGRESSIVE;
				CLANG_CXX_LANGUAGE_STANDARD = "gnu++14";
				CLANG_CXX_LIBRARY = "libc++";
				CLANG_ENABLE_MODULES = YES;
				CLANG_ENABLE_OBJC_ARC = YES;
				CLANG_ENABLE_OBJC_WEAK = YES;
				CLANG_WARN_BLOCK_CAPTURE_AUTORELEASING = YES;
				CLANG_WARN_BOOL_CONVERSION = YES;
				CLANG_WARN_COMMA = YES;
				CLANG_WARN_CONSTANT_CONVERSION = YES;
				CLANG_WARN_DEPRECATED_OBJC_IMPLEMENTATIONS = YES;
				CLANG_WARN_DIRECT_OBJC_ISA_USAGE = YES_ERROR;
				CLANG_WARN_DOCUMENTATION_COMMENTS = YES;
				CLANG_WARN_EMPTY_BODY = YES;
				CLANG_WARN_ENUM_CONVERSION = YES;
				CLANG_WARN_INFINITE_RECURSION = YES;
				CLANG_WARN_INT_CONVERSION = YES;
				CLANG_WARN_NON_LITERAL_NULL_CONVERSION = YES;
				CLANG_WARN_OBJC_IMPLICIT_RETAIN_SELF = YES;
				CLANG_WARN_OBJC_LITERAL_CONVERSION = YES;
				CLANG_WARN_OBJC_ROOT_CLASS = YES_ERROR;
				CLANG_WARN_QUOTED_INCLUDE_IN_FRAMEWORK_HEADER = YES;
				CLANG_WARN_RANGE_LOOP_ANALYSIS = YES;
				CLANG_WARN_STRICT_PROTOTYPES = YES;
				CLANG_WARN_SUSPICIOUS_MOVE = YES;
				CLANG_WARN_UNGUARDED_AVAILABILITY = YES_AGGRESSIVE;
				CLANG_WARN_UNREACHABLE_CODE = YES;
				CLANG_WARN__DUPLICATE_METHOD_MATCH = YES;
				COPY_PHASE_STRIP = NO;
				DEBUG_INFORMATION_FORMAT = "dwarf-with-dsym";
				ENABLE_NS_ASSERTIONS = NO;
				ENABLE_STRICT_OBJC_MSGSEND = YES;
				GCC_C_LANGUAGE_STANDARD = gnu11;
				GCC_NO_COMMON_BLOCKS = YES;
				GCC_WARN_64_TO_32_BIT_CONVERSION = YES;
				GCC_WARN_ABOUT_RETURN_TYPE = YES_ERROR;
				GCC_WARN_UNDECLARED_SELECTOR = YES;
				GCC_WARN_UNINITIALIZED_AUTOS = YES_AGGRESSIVE;
				GCC_WARN_UNUSED_FUNCTION = YES;
				GCC_WARN_UNUSED_VARIABLE = YES;
				IPHONEOS_DEPLOYMENT_TARGET = 14.4;
				MTL_ENABLE_DEBUG_INFO = NO;
				MTL_FAST_MATH = YES;
				SDKROOT = iphoneos;
				SWIFT_COMPILATION_MODE = wholemodule;
				SWIFT_OPTIMIZATION_LEVEL = "-O";
				VALIDATE_PRODUCT = YES;
			};
			name = Release;
		};
		1B3CD6C226006E7000B94997 /* Debug */ = {
			isa = XCBuildConfiguration;
			buildSettings = {
				ASSETCATALOG_COMPILER_APPICON_NAME = AppIcon;
				ASSETCATALOG_COMPILER_GLOBAL_ACCENT_COLOR_NAME = AccentColor;
				CODE_SIGN_STYLE = Automatic;
				DEVELOPMENT_ASSET_PATHS = "\"ShopLiveDemo/Preview Content\"";
				DEVELOPMENT_TEAM = "";
				ENABLE_PREVIEWS = YES;
				INFOPLIST_FILE = ShopLiveDemo/Info.plist;
				IPHONEOS_DEPLOYMENT_TARGET = 14.0;
				LD_RUNPATH_SEARCH_PATHS = (
					"$(inherited)",
					"@executable_path/Frameworks",
				);
				PRODUCT_BUNDLE_IDENTIFIER = cloud.shoplive.sdk.demo.ShopLiveDemo;
				PRODUCT_NAME = "$(TARGET_NAME)";
				SWIFT_VERSION = 5.0;
				TARGETED_DEVICE_FAMILY = "1,2";
			};
			name = Debug;
		};
		1B3CD6C326006E7000B94997 /* Release */ = {
			isa = XCBuildConfiguration;
			buildSettings = {
				ASSETCATALOG_COMPILER_APPICON_NAME = AppIcon;
				ASSETCATALOG_COMPILER_GLOBAL_ACCENT_COLOR_NAME = AccentColor;
				CODE_SIGN_STYLE = Automatic;
				DEVELOPMENT_ASSET_PATHS = "\"ShopLiveDemo/Preview Content\"";
				DEVELOPMENT_TEAM = "";
				ENABLE_PREVIEWS = YES;
				INFOPLIST_FILE = ShopLiveDemo/Info.plist;
				IPHONEOS_DEPLOYMENT_TARGET = 14.0;
				LD_RUNPATH_SEARCH_PATHS = (
					"$(inherited)",
					"@executable_path/Frameworks",
				);
				PRODUCT_BUNDLE_IDENTIFIER = cloud.shoplive.sdk.demo.ShopLiveDemo;
				PRODUCT_NAME = "$(TARGET_NAME)";
				SWIFT_VERSION = 5.0;
				TARGETED_DEVICE_FAMILY = "1,2";
			};
			name = Release;
		};
		1B3CD6C526006E7000B94997 /* Debug */ = {
			isa = XCBuildConfiguration;
			buildSettings = {
				ALWAYS_EMBED_SWIFT_STANDARD_LIBRARIES = YES;
				BUNDLE_LOADER = "$(TEST_HOST)";
				CODE_SIGN_STYLE = Automatic;
				DEVELOPMENT_TEAM = V64S7R5SJB;
				INFOPLIST_FILE = ShopLiveDemoTests/Info.plist;
				IPHONEOS_DEPLOYMENT_TARGET = 14.0;
				LD_RUNPATH_SEARCH_PATHS = (
					"$(inherited)",
					"@executable_path/Frameworks",
					"@loader_path/Frameworks",
				);
				PRODUCT_BUNDLE_IDENTIFIER = cloud.shoplive.sdk.demo.ShopLiveDemoTests;
				PRODUCT_NAME = "$(TARGET_NAME)";
				SWIFT_VERSION = 5.0;
				TARGETED_DEVICE_FAMILY = "1,2";
				TEST_HOST = "$(BUILT_PRODUCTS_DIR)/ShopLiveDemo.app/ShopLiveDemo";
			};
			name = Debug;
		};
		1B3CD6C626006E7000B94997 /* Release */ = {
			isa = XCBuildConfiguration;
			buildSettings = {
				ALWAYS_EMBED_SWIFT_STANDARD_LIBRARIES = YES;
				BUNDLE_LOADER = "$(TEST_HOST)";
				CODE_SIGN_STYLE = Automatic;
				DEVELOPMENT_TEAM = V64S7R5SJB;
				INFOPLIST_FILE = ShopLiveDemoTests/Info.plist;
				IPHONEOS_DEPLOYMENT_TARGET = 14.0;
				LD_RUNPATH_SEARCH_PATHS = (
					"$(inherited)",
					"@executable_path/Frameworks",
					"@loader_path/Frameworks",
				);
				PRODUCT_BUNDLE_IDENTIFIER = cloud.shoplive.sdk.demo.ShopLiveDemoTests;
				PRODUCT_NAME = "$(TARGET_NAME)";
				SWIFT_VERSION = 5.0;
				TARGETED_DEVICE_FAMILY = "1,2";
				TEST_HOST = "$(BUILT_PRODUCTS_DIR)/ShopLiveDemo.app/ShopLiveDemo";
			};
			name = Release;
		};
		1B3CD6C826006E7000B94997 /* Debug */ = {
			isa = XCBuildConfiguration;
			buildSettings = {
				ALWAYS_EMBED_SWIFT_STANDARD_LIBRARIES = YES;
				CODE_SIGN_STYLE = Automatic;
				DEVELOPMENT_TEAM = V64S7R5SJB;
				INFOPLIST_FILE = ShopLiveDemoUITests/Info.plist;
				LD_RUNPATH_SEARCH_PATHS = (
					"$(inherited)",
					"@executable_path/Frameworks",
					"@loader_path/Frameworks",
				);
				PRODUCT_BUNDLE_IDENTIFIER = cloud.shoplive.sdk.demo.ShopLiveDemoUITests;
				PRODUCT_NAME = "$(TARGET_NAME)";
				SWIFT_VERSION = 5.0;
				TARGETED_DEVICE_FAMILY = "1,2";
				TEST_TARGET_NAME = ShopLiveDemo;
			};
			name = Debug;
		};
		1B3CD6C926006E7000B94997 /* Release */ = {
			isa = XCBuildConfiguration;
			buildSettings = {
				ALWAYS_EMBED_SWIFT_STANDARD_LIBRARIES = YES;
				CODE_SIGN_STYLE = Automatic;
				DEVELOPMENT_TEAM = V64S7R5SJB;
				INFOPLIST_FILE = ShopLiveDemoUITests/Info.plist;
				LD_RUNPATH_SEARCH_PATHS = (
					"$(inherited)",
					"@executable_path/Frameworks",
					"@loader_path/Frameworks",
				);
				PRODUCT_BUNDLE_IDENTIFIER = cloud.shoplive.sdk.demo.ShopLiveDemoUITests;
				PRODUCT_NAME = "$(TARGET_NAME)";
				SWIFT_VERSION = 5.0;
				TARGETED_DEVICE_FAMILY = "1,2";
				TEST_TARGET_NAME = ShopLiveDemo;
			};
			name = Release;
		};
/* End XCBuildConfiguration section */

/* Begin XCConfigurationList section */
		1B3CD69726006E6D00B94997 /* Build configuration list for PBXProject "ShopLiveDemo" */ = {
			isa = XCConfigurationList;
			buildConfigurations = (
				1B3CD6BF26006E7000B94997 /* Debug */,
				1B3CD6C026006E7000B94997 /* Release */,
			);
			defaultConfigurationIsVisible = 0;
			defaultConfigurationName = Release;
		};
		1B3CD6C126006E7000B94997 /* Build configuration list for PBXNativeTarget "ShopLiveDemo" */ = {
			isa = XCConfigurationList;
			buildConfigurations = (
				1B3CD6C226006E7000B94997 /* Debug */,
				1B3CD6C326006E7000B94997 /* Release */,
			);
			defaultConfigurationIsVisible = 0;
			defaultConfigurationName = Release;
		};
		1B3CD6C426006E7000B94997 /* Build configuration list for PBXNativeTarget "ShopLiveDemoTests" */ = {
			isa = XCConfigurationList;
			buildConfigurations = (
				1B3CD6C526006E7000B94997 /* Debug */,
				1B3CD6C626006E7000B94997 /* Release */,
			);
			defaultConfigurationIsVisible = 0;
			defaultConfigurationName = Release;
		};
		1B3CD6C726006E7000B94997 /* Build configuration list for PBXNativeTarget "ShopLiveDemoUITests" */ = {
			isa = XCConfigurationList;
			buildConfigurations = (
				1B3CD6C826006E7000B94997 /* Debug */,
				1B3CD6C926006E7000B94997 /* Release */,
			);
			defaultConfigurationIsVisible = 0;
			defaultConfigurationName = Release;
		};
/* End XCConfigurationList section */
	};
	rootObject = 1B3CD69426006E6D00B94997 /* Project object */;
}
